
Microsoft Visual Studio Solution File, Format Version 12.00
# Visual Studio Version 16
VisualStudioVersion = 16.0.31402.337
MinimumVisualStudioVersion = 10.0.40219.1
Project("{FAE04EC0-301F-11D3-BF4B-00C04F79EFBC}") = "NimmGrupp2", "NimmGrupp2\NimmGrupp2.csproj", "{F23B3186-1447-4592-83B7-BA1588F657CD}"
EndProject
Global
	GlobalSection(SolutionConfigurationPlatforms) = preSolution
		Debug|Any CPU = Debug|Any CPU
		Release|Any CPU = Release|Any CPU
	EndGlobalSection
	GlobalSection(ProjectConfigurationPlatforms) = postSolution
		{F23B3186-1447-4592-83B7-BA1588F657CD}.Debug|Any CPU.ActiveCfg = Debug|Any CPU
		{F23B3186-1447-4592-83B7-BA1588F657CD}.Debug|Any CPU.Build.0 = Debug|Any CPU
		{F23B3186-1447-4592-83B7-BA1588F657CD}.Release|Any CPU.ActiveCfg = Release|Any CPU
		{F23B3186-1447-4592-83B7-BA1588F657CD}.Release|Any CPU.Build.0 = Release|Any CPU
	EndGlobalSection
	GlobalSection(SolutionProperties) = preSolution
		HideSolutionNode = FALSE
	EndGlobalSection
	GlobalSection(ExtensibilityGlobals) = postSolution
		SolutionGuid = {DC70FB9F-59C5-44DB-8F51-CCD67B449F84}
	EndGlobalSection
EndGlobal
